
Microsoft Visual Studio Solution File, Format Version 12.00
# Visual Studio 2013
VisualStudioVersion = 12.0.31101.0
MinimumVisualStudioVersion = 10.0.40219.1
Project("{FAE04EC0-301F-11D3-BF4B-00C04F79EFBC}") = "Problem04-HelloWorld", "Problem04-HelloWorld\Problem04-HelloWorld.csproj", "{0C0CC5A8-E536-47C2-A4BE-1B6853E6B399}"
EndProject
Project("{FAE04EC0-301F-11D3-BF4B-00C04F79EFBC}") = "Problem05-PrintMyName", "Problem05-PrintMyName\Problem05-PrintMyName.csproj", "{82B608C1-AD8D-4737-B0D3-D6364BD96C7B}"
EndProject
Project("{FAE04EC0-301F-11D3-BF4B-00C04F79EFBC}") = "Problem06-PrintNumbers", "Problem06-PrintNumbers\Problem06-PrintNumbers.csproj", "{2C0F993B-25C6-44B6-85D7-82FCE0594BAD}"
EndProject
Project("{FAE04EC0-301F-11D3-BF4B-00C04F79EFBC}") = "Problem07-PrintFirstLastName", "Problem07-PrintFirstLastName\Problem07-PrintFirstLastName.csproj", "{9E6A54F1-B7A5-44BC-A423-64E74C2BFAFB}"
EndProject
Project("{FAE04EC0-301F-11D3-BF4B-00C04F79EFBC}") = "Problem08-SquareRoot", "Problem08-SquareRoot\Problem08-SquareRoot.csproj", "{818D662F-1268-44B0-BEAD-F65A46F4311E}"
EndProject
Project("{FAE04EC0-301F-11D3-BF4B-00C04F79EFBC}") = "Problem09-PrintSequence", "Problem09-PrintSequence\Problem09-PrintSequence.csproj", "{4F6ECD4A-1FD7-4E9D-A544-1AAA5850A55D}"
EndProject
Project("{FAE04EC0-301F-11D3-BF4B-00C04F79EFBC}") = "Problem10-ReformatCSharpCode", "Problem10-ReformatCSharpCode\Problem10-ReformatCSharpCode.csproj", "{D848A05E-8557-4074-A192-7CA3553702E6}"
EndProject
Project("{FAE04EC0-301F-11D3-BF4B-00C04F79EFBC}") = "Problem14-CurrentDateAndTime", "Problem14-CurrentDateAndTime\Problem14-CurrentDateAndTime.csproj", "{34EAF016-07DF-434C-84CF-26EBA5D24BF9}"
EndProject
Project("{FAE04EC0-301F-11D3-BF4B-00C04F79EFBC}") = "Problem15-AgeAfter10Years", "Problem15-AgeAfter10Years\Problem15-AgeAfter10Years.csproj", "{35457505-C013-43B8-9E1B-A36AFB54BAB5}"
EndProject
Project("{FAE04EC0-301F-11D3-BF4B-00C04F79EFBC}") = "Problem16-PrintLongSequence", "Problem16-PrintLongSequence\Problem16-PrintLongSequence.csproj", "{A8918AF9-9C0E-4455-8DF5-45480C35BAFA}"
EndProject
Global
	GlobalSection(SolutionConfigurationPlatforms) = preSolution
		Debug|Any CPU = Debug|Any CPU
		Release|Any CPU = Release|Any CPU
	EndGlobalSection
	GlobalSection(ProjectConfigurationPlatforms) = postSolution
		{0C0CC5A8-E536-47C2-A4BE-1B6853E6B399}.Debug|Any CPU.ActiveCfg = Debug|Any CPU
		{0C0CC5A8-E536-47C2-A4BE-1B6853E6B399}.Debug|Any CPU.Build.0 = Debug|Any CPU
		{0C0CC5A8-E536-47C2-A4BE-1B6853E6B399}.Release|Any CPU.ActiveCfg = Release|Any CPU
		{0C0CC5A8-E536-47C2-A4BE-1B6853E6B399}.Release|Any CPU.Build.0 = Release|Any CPU
		{82B608C1-AD8D-4737-B0D3-D6364BD96C7B}.Debug|Any CPU.ActiveCfg = Debug|Any CPU
		{82B608C1-AD8D-4737-B0D3-D6364BD96C7B}.Debug|Any CPU.Build.0 = Debug|Any CPU
		{82B608C1-AD8D-4737-B0D3-D6364BD96C7B}.Release|Any CPU.ActiveCfg = Release|Any CPU
		{82B608C1-AD8D-4737-B0D3-D6364BD96C7B}.Release|Any CPU.Build.0 = Release|Any CPU
		{2C0F993B-25C6-44B6-85D7-82FCE0594BAD}.Debug|Any CPU.ActiveCfg = Debug|Any CPU
		{2C0F993B-25C6-44B6-85D7-82FCE0594BAD}.Debug|Any CPU.Build.0 = Debug|Any CPU
		{2C0F993B-25C6-44B6-85D7-82FCE0594BAD}.Release|Any CPU.ActiveCfg = Release|Any CPU
		{2C0F993B-25C6-44B6-85D7-82FCE0594BAD}.Release|Any CPU.Build.0 = Release|Any CPU
		{9E6A54F1-B7A5-44BC-A423-64E74C2BFAFB}.Debug|Any CPU.ActiveCfg = Debug|Any CPU
		{9E6A54F1-B7A5-44BC-A423-64E74C2BFAFB}.Debug|Any CPU.Build.0 = Debug|Any CPU
		{9E6A54F1-B7A5-44BC-A423-64E74C2BFAFB}.Release|Any CPU.ActiveCfg = Release|Any CPU
		{9E6A54F1-B7A5-44BC-A423-64E74C2BFAFB}.Release|Any CPU.Build.0 = Release|Any CPU
		{818D662F-1268-44B0-BEAD-F65A46F4311E}.Debug|Any CPU.ActiveCfg = Debug|Any CPU
		{818D662F-1268-44B0-BEAD-F65A46F4311E}.Debug|Any CPU.Build.0 = Debug|Any CPU
		{818D662F-1268-44B0-BEAD-F65A46F4311E}.Release|Any CPU.ActiveCfg = Release|Any CPU
		{818D662F-1268-44B0-BEAD-F65A46F4311E}.Release|Any CPU.Build.0 = Release|Any CPU
		{4F6ECD4A-1FD7-4E9D-A544-1AAA5850A55D}.Debug|Any CPU.ActiveCfg = Debug|Any CPU
		{4F6ECD4A-1FD7-4E9D-A544-1AAA5850A55D}.Debug|Any CPU.Build.0 = Debug|Any CPU
		{4F6ECD4A-1FD7-4E9D-A544-1AAA5850A55D}.Release|Any CPU.ActiveCfg = Release|Any CPU
		{4F6ECD4A-1FD7-4E9D-A544-1AAA5850A55D}.Release|Any CPU.Build.0 = Release|Any CPU
		{D848A05E-8557-4074-A192-7CA3553702E6}.Debug|Any CPU.ActiveCfg = Debug|Any CPU
		{D848A05E-8557-4074-A192-7CA3553702E6}.Debug|Any CPU.Build.0 = Debug|Any CPU
		{D848A05E-8557-4074-A192-7CA3553702E6}.Release|Any CPU.ActiveCfg = Release|Any CPU
		{D848A05E-8557-4074-A192-7CA3553702E6}.Release|Any CPU.Build.0 = Release|Any CPU
		{34EAF016-07DF-434C-84CF-26EBA5D24BF9}.Debug|Any CPU.ActiveCfg = Debug|Any CPU
		{34EAF016-07DF-434C-84CF-26EBA5D24BF9}.Debug|Any CPU.Build.0 = Debug|Any CPU
		{34EAF016-07DF-434C-84CF-26EBA5D24BF9}.Release|Any CPU.ActiveCfg = Release|Any CPU
		{34EAF016-07DF-434C-84CF-26EBA5D24BF9}.Release|Any CPU.Build.0 = Release|Any CPU
		{35457505-C013-43B8-9E1B-A36AFB54BAB5}.Debug|Any CPU.ActiveCfg = Debug|Any CPU
		{35457505-C013-43B8-9E1B-A36AFB54BAB5}.Debug|Any CPU.Build.0 = Debug|Any CPU
		{35457505-C013-43B8-9E1B-A36AFB54BAB5}.Release|Any CPU.ActiveCfg = Release|Any CPU
		{35457505-C013-43B8-9E1B-A36AFB54BAB5}.Release|Any CPU.Build.0 = Release|Any CPU
		{A8918AF9-9C0E-4455-8DF5-45480C35BAFA}.Debug|Any CPU.ActiveCfg = Debug|Any CPU
		{A8918AF9-9C0E-4455-8DF5-45480C35BAFA}.Debug|Any CPU.Build.0 = Debug|Any CPU
		{A8918AF9-9C0E-4455-8DF5-45480C35BAFA}.Release|Any CPU.ActiveCfg = Release|Any CPU
		{A8918AF9-9C0E-4455-8DF5-45480C35BAFA}.Release|Any CPU.Build.0 = Release|Any CPU
	EndGlobalSection
	GlobalSection(SolutionProperties) = preSolution
		HideSolutionNode = FALSE
	EndGlobalSection
EndGlobal
