
Microsoft Visual Studio Solution File, Format Version 12.00
# Visual Studio 2013
VisualStudioVersion = 12.0.31101.0
MinimumVisualStudioVersion = 10.0.40219.1
Project("{FAE04EC0-301F-11D3-BF4B-00C04F79EFBC}") = "Problem01_OddOrEvenIntegers", "Problem01_OddOrEvenIntegers\Problem01_OddOrEvenIntegers.csproj", "{4806C3E4-D2ED-4624-85EC-BB1F9E797D25}"
EndProject
Project("{FAE04EC0-301F-11D3-BF4B-00C04F79EFBC}") = "Problem02_GravitationOnTheMoon", "Problem02_GravitationOnTheMoon\Problem02_GravitationOnTheMoon.csproj", "{BF3CC017-7088-4D40-81D3-249791B0D148}"
EndProject
Project("{FAE04EC0-301F-11D3-BF4B-00C04F79EFBC}") = "Problem03_DivideBy7And5", "Problem03_DivideBy7And5\Problem03_DivideBy7And5.csproj", "{1D361C39-224A-4890-8616-66483E9AFAC8}"
EndProject
Project("{FAE04EC0-301F-11D3-BF4B-00C04F79EFBC}") = "Problem04_Rectangles", "Problem04_Rectangles\Problem04_Rectangles.csproj", "{0FB145FE-1C57-4272-925E-01B8B9044569}"
EndProject
Project("{FAE04EC0-301F-11D3-BF4B-00C04F79EFBC}") = "Problem05_ThirdDigitIsSeven", "Problem05_ThirdDigitIsSeven\Problem05_ThirdDigitIsSeven.csproj", "{E19F2147-68A8-4ABB-987E-F53CBBDB4F05}"
EndProject
Project("{FAE04EC0-301F-11D3-BF4B-00C04F79EFBC}") = "Problem06_FourDigitNumber", "Problem06_FourDigitNumber\Problem06_FourDigitNumber.csproj", "{C85B1F85-EEA5-41B0-BC6F-7A054A55C8D9}"
EndProject
Project("{FAE04EC0-301F-11D3-BF4B-00C04F79EFBC}") = "Problem07_PointInACircle", "Problem07_PointInACircle\Problem07_PointInACircle.csproj", "{AF797CBE-8E03-4D5D-BD72-DB6788890AD6}"
EndProject
Project("{FAE04EC0-301F-11D3-BF4B-00C04F79EFBC}") = "Problem08_PrimeNumberCheck", "Problem08_PrimeNumberCheck\Problem08_PrimeNumberCheck.csproj", "{812348EF-DF17-4BEA-95DB-3C1A08CFBDB6}"
EndProject
Project("{FAE04EC0-301F-11D3-BF4B-00C04F79EFBC}") = "Problem09_Trapezoids", "Problem09_Trapezoids\Problem09_Trapezoids.csproj", "{253818E4-87FD-4B9D-B087-D2AA85E54E17}"
EndProject
Project("{FAE04EC0-301F-11D3-BF4B-00C04F79EFBC}") = "Problem10_PointInsideCircleOutsideRectangle", "Problem10_PointInsideCircleOutsideRectangle\Problem10_PointInsideCircleOutsideRectangle.csproj", "{F3FEC0FC-913C-421C-AAB5-ADB1703F4AA4}"
EndProject
Project("{FAE04EC0-301F-11D3-BF4B-00C04F79EFBC}") = "Problem11_ExtractThirdBit", "Problem11_ExtractThirdBit\Problem11_ExtractThirdBit.csproj", "{EFCAE540-3C84-4AC5-9CF0-49334B288750}"
EndProject
Project("{FAE04EC0-301F-11D3-BF4B-00C04F79EFBC}") = "Problem12_ExtractBitFromInteger", "Problem12_ExtractBitFromInteger\Problem12_ExtractBitFromInteger.csproj", "{60496939-9D67-4E1D-A1C5-529AE485B34A}"
EndProject
Project("{FAE04EC0-301F-11D3-BF4B-00C04F79EFBC}") = "Problem13_CheckBitAtPosition", "Problem13_CheckBitAtPosition\Problem13_CheckBitAtPosition.csproj", "{9C522A22-B129-4D11-B46C-676FF83CB6EA}"
EndProject
Project("{FAE04EC0-301F-11D3-BF4B-00C04F79EFBC}") = "Problem14_ModifyBitAtGivenPosition", "Problem14_ModifyBitAtGivenPosition\Problem14_ModifyBitAtGivenPosition.csproj", "{2A917A04-A793-43A8-BAAF-3EB9EBCBD931}"
EndProject
Project("{FAE04EC0-301F-11D3-BF4B-00C04F79EFBC}") = "Problem15_BitsExchange", "Problem15_BitsExchange\Problem15_BitsExchange.csproj", "{BF138CCE-D313-4DB6-91C1-AD7213D80713}"
EndProject
Project("{FAE04EC0-301F-11D3-BF4B-00C04F79EFBC}") = "Problem16_BitExchangeAdvanced", "Problem16_BitExchangeAdvanced\Problem16_BitExchangeAdvanced.csproj", "{5D58A5E0-7497-4849-B081-E82D8607C2F7}"
EndProject
Global
	GlobalSection(SolutionConfigurationPlatforms) = preSolution
		Debug|Any CPU = Debug|Any CPU
		Release|Any CPU = Release|Any CPU
	EndGlobalSection
	GlobalSection(ProjectConfigurationPlatforms) = postSolution
		{4806C3E4-D2ED-4624-85EC-BB1F9E797D25}.Debug|Any CPU.ActiveCfg = Debug|Any CPU
		{4806C3E4-D2ED-4624-85EC-BB1F9E797D25}.Debug|Any CPU.Build.0 = Debug|Any CPU
		{4806C3E4-D2ED-4624-85EC-BB1F9E797D25}.Release|Any CPU.ActiveCfg = Release|Any CPU
		{4806C3E4-D2ED-4624-85EC-BB1F9E797D25}.Release|Any CPU.Build.0 = Release|Any CPU
		{BF3CC017-7088-4D40-81D3-249791B0D148}.Debug|Any CPU.ActiveCfg = Debug|Any CPU
		{BF3CC017-7088-4D40-81D3-249791B0D148}.Debug|Any CPU.Build.0 = Debug|Any CPU
		{BF3CC017-7088-4D40-81D3-249791B0D148}.Release|Any CPU.ActiveCfg = Release|Any CPU
		{BF3CC017-7088-4D40-81D3-249791B0D148}.Release|Any CPU.Build.0 = Release|Any CPU
		{1D361C39-224A-4890-8616-66483E9AFAC8}.Debug|Any CPU.ActiveCfg = Debug|Any CPU
		{1D361C39-224A-4890-8616-66483E9AFAC8}.Debug|Any CPU.Build.0 = Debug|Any CPU
		{1D361C39-224A-4890-8616-66483E9AFAC8}.Release|Any CPU.ActiveCfg = Release|Any CPU
		{1D361C39-224A-4890-8616-66483E9AFAC8}.Release|Any CPU.Build.0 = Release|Any CPU
		{0FB145FE-1C57-4272-925E-01B8B9044569}.Debug|Any CPU.ActiveCfg = Debug|Any CPU
		{0FB145FE-1C57-4272-925E-01B8B9044569}.Debug|Any CPU.Build.0 = Debug|Any CPU
		{0FB145FE-1C57-4272-925E-01B8B9044569}.Release|Any CPU.ActiveCfg = Release|Any CPU
		{0FB145FE-1C57-4272-925E-01B8B9044569}.Release|Any CPU.Build.0 = Release|Any CPU
		{E19F2147-68A8-4ABB-987E-F53CBBDB4F05}.Debug|Any CPU.ActiveCfg = Debug|Any CPU
		{E19F2147-68A8-4ABB-987E-F53CBBDB4F05}.Debug|Any CPU.Build.0 = Debug|Any CPU
		{E19F2147-68A8-4ABB-987E-F53CBBDB4F05}.Release|Any CPU.ActiveCfg = Release|Any CPU
		{E19F2147-68A8-4ABB-987E-F53CBBDB4F05}.Release|Any CPU.Build.0 = Release|Any CPU
		{C85B1F85-EEA5-41B0-BC6F-7A054A55C8D9}.Debug|Any CPU.ActiveCfg = Debug|Any CPU
		{C85B1F85-EEA5-41B0-BC6F-7A054A55C8D9}.Debug|Any CPU.Build.0 = Debug|Any CPU
		{C85B1F85-EEA5-41B0-BC6F-7A054A55C8D9}.Release|Any CPU.ActiveCfg = Release|Any CPU
		{C85B1F85-EEA5-41B0-BC6F-7A054A55C8D9}.Release|Any CPU.Build.0 = Release|Any CPU
		{AF797CBE-8E03-4D5D-BD72-DB6788890AD6}.Debug|Any CPU.ActiveCfg = Debug|Any CPU
		{AF797CBE-8E03-4D5D-BD72-DB6788890AD6}.Debug|Any CPU.Build.0 = Debug|Any CPU
		{AF797CBE-8E03-4D5D-BD72-DB6788890AD6}.Release|Any CPU.ActiveCfg = Release|Any CPU
		{AF797CBE-8E03-4D5D-BD72-DB6788890AD6}.Release|Any CPU.Build.0 = Release|Any CPU
		{812348EF-DF17-4BEA-95DB-3C1A08CFBDB6}.Debug|Any CPU.ActiveCfg = Debug|Any CPU
		{812348EF-DF17-4BEA-95DB-3C1A08CFBDB6}.Debug|Any CPU.Build.0 = Debug|Any CPU
		{812348EF-DF17-4BEA-95DB-3C1A08CFBDB6}.Release|Any CPU.ActiveCfg = Release|Any CPU
		{812348EF-DF17-4BEA-95DB-3C1A08CFBDB6}.Release|Any CPU.Build.0 = Release|Any CPU
		{253818E4-87FD-4B9D-B087-D2AA85E54E17}.Debug|Any CPU.ActiveCfg = Debug|Any CPU
		{253818E4-87FD-4B9D-B087-D2AA85E54E17}.Debug|Any CPU.Build.0 = Debug|Any CPU
		{253818E4-87FD-4B9D-B087-D2AA85E54E17}.Release|Any CPU.ActiveCfg = Release|Any CPU
		{253818E4-87FD-4B9D-B087-D2AA85E54E17}.Release|Any CPU.Build.0 = Release|Any CPU
		{F3FEC0FC-913C-421C-AAB5-ADB1703F4AA4}.Debug|Any CPU.ActiveCfg = Debug|Any CPU
		{F3FEC0FC-913C-421C-AAB5-ADB1703F4AA4}.Debug|Any CPU.Build.0 = Debug|Any CPU
		{F3FEC0FC-913C-421C-AAB5-ADB1703F4AA4}.Release|Any CPU.ActiveCfg = Release|Any CPU
		{F3FEC0FC-913C-421C-AAB5-ADB1703F4AA4}.Release|Any CPU.Build.0 = Release|Any CPU
		{EFCAE540-3C84-4AC5-9CF0-49334B288750}.Debug|Any CPU.ActiveCfg = Debug|Any CPU
		{EFCAE540-3C84-4AC5-9CF0-49334B288750}.Debug|Any CPU.Build.0 = Debug|Any CPU
		{EFCAE540-3C84-4AC5-9CF0-49334B288750}.Release|Any CPU.ActiveCfg = Release|Any CPU
		{EFCAE540-3C84-4AC5-9CF0-49334B288750}.Release|Any CPU.Build.0 = Release|Any CPU
		{60496939-9D67-4E1D-A1C5-529AE485B34A}.Debug|Any CPU.ActiveCfg = Debug|Any CPU
		{60496939-9D67-4E1D-A1C5-529AE485B34A}.Debug|Any CPU.Build.0 = Debug|Any CPU
		{60496939-9D67-4E1D-A1C5-529AE485B34A}.Release|Any CPU.ActiveCfg = Release|Any CPU
		{60496939-9D67-4E1D-A1C5-529AE485B34A}.Release|Any CPU.Build.0 = Release|Any CPU
		{9C522A22-B129-4D11-B46C-676FF83CB6EA}.Debug|Any CPU.ActiveCfg = Debug|Any CPU
		{9C522A22-B129-4D11-B46C-676FF83CB6EA}.Debug|Any CPU.Build.0 = Debug|Any CPU
		{9C522A22-B129-4D11-B46C-676FF83CB6EA}.Release|Any CPU.ActiveCfg = Release|Any CPU
		{9C522A22-B129-4D11-B46C-676FF83CB6EA}.Release|Any CPU.Build.0 = Release|Any CPU
		{2A917A04-A793-43A8-BAAF-3EB9EBCBD931}.Debug|Any CPU.ActiveCfg = Debug|Any CPU
		{2A917A04-A793-43A8-BAAF-3EB9EBCBD931}.Debug|Any CPU.Build.0 = Debug|Any CPU
		{2A917A04-A793-43A8-BAAF-3EB9EBCBD931}.Release|Any CPU.ActiveCfg = Release|Any CPU
		{2A917A04-A793-43A8-BAAF-3EB9EBCBD931}.Release|Any CPU.Build.0 = Release|Any CPU
		{BF138CCE-D313-4DB6-91C1-AD7213D80713}.Debug|Any CPU.ActiveCfg = Debug|Any CPU
		{BF138CCE-D313-4DB6-91C1-AD7213D80713}.Debug|Any CPU.Build.0 = Debug|Any CPU
		{BF138CCE-D313-4DB6-91C1-AD7213D80713}.Release|Any CPU.ActiveCfg = Release|Any CPU
		{BF138CCE-D313-4DB6-91C1-AD7213D80713}.Release|Any CPU.Build.0 = Release|Any CPU
		{5D58A5E0-7497-4849-B081-E82D8607C2F7}.Debug|Any CPU.ActiveCfg = Debug|Any CPU
		{5D58A5E0-7497-4849-B081-E82D8607C2F7}.Debug|Any CPU.Build.0 = Debug|Any CPU
		{5D58A5E0-7497-4849-B081-E82D8607C2F7}.Release|Any CPU.ActiveCfg = Release|Any CPU
		{5D58A5E0-7497-4849-B081-E82D8607C2F7}.Release|Any CPU.Build.0 = Release|Any CPU
	EndGlobalSection
	GlobalSection(SolutionProperties) = preSolution
		HideSolutionNode = FALSE
	EndGlobalSection
EndGlobal
